schema: '2.0'
stages:
  data_acquisition:
    cmd: "python src/acquire_data.py --raw_data data/Hospital_General_Info.xlsx --output_data
      data/data_clean.parquet\n"
    deps:
    - path: data/Hospital_General_Info.xlsx
      hash: md5
      md5: fcbbe4eca0ee579c3c9d4cda288eb07c
      size: 1022541
    - path: src/acquire_data.py
      hash: md5
      md5: 0fd493799c6cb638d63bb731a8a9a4d1
      size: 4464
    outs:
    - path: data/data_clean.parquet
      hash: md5
      md5: 02b4aa9bf1f03aba442351a8102ee053
      size: 432501
